<?xml version="1.0" encoding="UTF-8"?>
<Scheme
   version = "1.7">
   <BuildAction
      parallelizeBuildables = "YES"
      buildImplicitDependencies = "YES">
      <BuildActionEntries>
         <BuildActionEntry
            buildForTesting = "YES"
            buildForRunning = "YES"
            buildForProfiling = "YES"
            buildForArchiving = "YES"
            buildForAnalyzing = "YES">
            <BuildableReference
               BuildableIdentifier = "primary"
               BlueprintIdentifier = "1DBC3BC314D4A3BF007D8F4A"
               BuildableName = "TimeTracker.app"
               BlueprintName = "TimeTracker"
               ReferencedContainer = "container:TimeTracker.xcodeproj">
            </BuildableReference>
         </BuildActionEntry>
      </BuildActionEntries>
   </BuildAction>
   <TestAction
      selectedDebuggerIdentifier = "Xcode.DebuggerFoundation.Debugger.GDB"
      selectedLauncherIdentifier = "Xcode.DebuggerFoundation.Launcher.GDB"
      shouldUseLaunchSchemeArgsEnv = "YES"
      buildConfiguration = "Debug">
      <Testables>
         <TestableReference
            skipped = "NO">
            <BuildableReference
               BuildableIdentifier = "primary"
               BlueprintIdentifier = "1DBC3BE414D4A3BF007D8F4A"
               BuildableName = "TimeTrackerTests.octest"
               BlueprintName = "TimeTrackerTests"
               ReferencedContainer = "container:TimeTracker.xcodeproj">
            </BuildableReference>
         </TestableReference>
      </Testables>
      <MacroExpansion>
         <BuildableReference
            BuildableIdentifier = "primary"
            BlueprintIdentifier = "1DBC3BC314D4A3BF007D8F4A"
            BuildableName = "TimeTracker.app"
            BlueprintName = "TimeTracker"
            ReferencedContainer = "container:TimeTracker.xcodeproj">
         </BuildableReference>
      </MacroExpansion>
   </TestAction>
   <LaunchAction
      selectedDebuggerIdentifier = "Xcode.DebuggerFoundation.Debugger.GDB"
      selectedLauncherIdentifier = "Xcode.DebuggerFoundation.Launcher.GDB"
      launchStyle = "0"
      useCustomWorkingDirectory = "NO"
      buildConfiguration = "Debug"
      debugDocumentVersioning = "YES"
      allowLocationSimulation = "YES">
      <BuildableProductRunnable>
         <BuildableReference
            BuildableIdentifier = "primary"
            BlueprintIdentifier = "1DBC3BC314D4A3BF007D8F4A"
            BuildableName = "TimeTracker.app"
            BlueprintName = "TimeTracker"
            ReferencedContainer = "container:TimeTracker.xcodeproj">
         </BuildableReference>
      </BuildableProductRunnable>
      <AdditionalOptions>
         <AdditionalOption
            key = "OBJC_PRINT_EXCEPTIONS"
            value = "YES"
            isEnabled = "YES">
         </AdditionalOption>
         <AdditionalOption
            key = "NSZombieEnabled"
            value = "YES"
            isEnabled = "YES">
         </AdditionalOption>
      </AdditionalOptions>
   </LaunchAction>
   <ProfileAction
      shouldUseLaunchSchemeArgsEnv = "YES"
      savedToolIdentifier = ""
      useCustomWorkingDirectory = "NO"
      buildConfiguration = "Release"
      debugDocumentVersioning = "YES">
      <BuildableProductRunnable>
         <BuildableReference
            BuildableIdentifier = "primary"
            BlueprintIdentifier = "1DBC3BC314D4A3BF007D8F4A"
            BuildableName = "TimeTracker.app"
            BlueprintName = "TimeTracker"
            ReferencedContainer = "container:TimeTracker.xcodeproj">
         </BuildableReference>
      </BuildableProductRunnable>
   </ProfileAction>
   <AnalyzeAction
      buildConfiguration = "Release">
   </AnalyzeAction>
   <ArchiveAction
      buildConfiguration = "Release"
      revealArchiveInOrganizer = "YES">
      <PreActions>
         <ExecutionAction
            ActionType = "Xcode.IDEStandardExecutionActionsCore.ExecutionActionType.ShellScriptAction">
            <ActionContent
               title = "Run Script"
               scriptText = "#!/bin/bash&#10;# Auto increment internal build number&#10;plistFile=${PROJECT_DIR}/TimeTracker/TimeTracker-Info.plist&#10;buildNumber=$(/usr/libexec/PlistBuddy -c &quot;Print CWBuildNumber&quot; $plistFile)&#10;buildNumber=$(($buildNumber + 1))&#10;/usr/libexec/PlistBuddy -c &quot;Set :CWBuildNumber $buildNumber&quot; $plistFile&#10;buildDate=$(date)&#10;/usr/libexec/PlistBuddy -c &quot;Set :CWBuildDate $buildDate&quot; $plistFile&#10;projectDir=${PROJECT_DIR}&#10;echo &quot;$plistFile |\n $buildNumber |\n $buildDate |\n $projectDir \n&quot; &gt; /Users/mashurex/testbuild.txt"
               shellToInvoke = "/bin/bash">
               <EnvironmentBuildable>
                  <BuildableReference
                     BuildableIdentifier = "primary"
                     BlueprintIdentifier = "1DBC3BC314D4A3BF007D8F4A"
                     BuildableName = "TimeTracker.app"
                     BlueprintName = "TimeTracker"
                     ReferencedContainer = "container:TimeTracker.xcodeproj">
                  </BuildableReference>
               </EnvironmentBuildable>
            </ActionContent>
         </ExecutionAction>
      </PreActions>
   </ArchiveAction>
</Scheme>
